
Microsoft Visual Studio Solution File, Format Version 12.00
# Visual Studio Version 17
VisualStudioVersion = 17.4.33403.182
MinimumVisualStudioVersion = 10.0.40219.1
Project("{FAE04EC0-301F-11D3-BF4B-00C04F79EFBC}") = "TestXamarin.Android", "TestXamarin\TestXamarin.Android\TestXamarin.Android.csproj", "{3F40BCAB-F943-4FAC-B67E-04BE2573B4D8}"
EndProject
Project("{FAE04EC0-301F-11D3-BF4B-00C04F79EFBC}") = "TestXamarin.iOS", "TestXamarin\TestXamarin.iOS\TestXamarin.iOS.csproj", "{F710714C-379D-42AF-B89B-C999492309A4}"
EndProject
Project("{FAE04EC0-301F-11D3-BF4B-00C04F79EFBC}") = "TestXamarin", "TestXamarin\TestXamarin\TestXamarin.csproj", "{B7EAE05E-3F22-4F69-9061-7A787E0840EF}"
EndProject
Global
	GlobalSection(SolutionConfigurationPlatforms) = preSolution
		Debug|Any CPU = Debug|Any CPU
		Debug|iPhone = Debug|iPhone
		Debug|iPhoneSimulator = Debug|iPhoneSimulator
		Release|Any CPU = Release|Any CPU
		Release|iPhone = Release|iPhone
		Release|iPhoneSimulator = Release|iPhoneSimulator
	EndGlobalSection
	GlobalSection(ProjectConfigurationPlatforms) = postSolution
		{3F40BCAB-F943-4FAC-B67E-04BE2573B4D8}.Debug|Any CPU.ActiveCfg = Debug|Any CPU
		{3F40BCAB-F943-4FAC-B67E-04BE2573B4D8}.Debug|Any CPU.Build.0 = Debug|Any CPU
		{3F40BCAB-F943-4FAC-B67E-04BE2573B4D8}.Debug|Any CPU.Deploy.0 = Debug|Any CPU
		{3F40BCAB-F943-4FAC-B67E-04BE2573B4D8}.Debug|iPhone.ActiveCfg = Debug|Any CPU
		{3F40BCAB-F943-4FAC-B67E-04BE2573B4D8}.Debug|iPhone.Build.0 = Debug|Any CPU
		{3F40BCAB-F943-4FAC-B67E-04BE2573B4D8}.Debug|iPhone.Deploy.0 = Debug|Any CPU
		{3F40BCAB-F943-4FAC-B67E-04BE2573B4D8}.Debug|iPhoneSimulator.ActiveCfg = Debug|Any CPU
		{3F40BCAB-F943-4FAC-B67E-04BE2573B4D8}.Debug|iPhoneSimulator.Build.0 = Debug|Any CPU
		{3F40BCAB-F943-4FAC-B67E-04BE2573B4D8}.Debug|iPhoneSimulator.Deploy.0 = Debug|Any CPU
		{3F40BCAB-F943-4FAC-B67E-04BE2573B4D8}.Release|Any CPU.ActiveCfg = Release|Any CPU
		{3F40BCAB-F943-4FAC-B67E-04BE2573B4D8}.Release|Any CPU.Build.0 = Release|Any CPU
		{3F40BCAB-F943-4FAC-B67E-04BE2573B4D8}.Release|Any CPU.Deploy.0 = Release|Any CPU
		{3F40BCAB-F943-4FAC-B67E-04BE2573B4D8}.Release|iPhone.ActiveCfg = Release|Any CPU
		{3F40BCAB-F943-4FAC-B67E-04BE2573B4D8}.Release|iPhone.Build.0 = Release|Any CPU
		{3F40BCAB-F943-4FAC-B67E-04BE2573B4D8}.Release|iPhone.Deploy.0 = Release|Any CPU
		{3F40BCAB-F943-4FAC-B67E-04BE2573B4D8}.Release|iPhoneSimulator.ActiveCfg = Release|Any CPU
		{3F40BCAB-F943-4FAC-B67E-04BE2573B4D8}.Release|iPhoneSimulator.Build.0 = Release|Any CPU
		{3F40BCAB-F943-4FAC-B67E-04BE2573B4D8}.Release|iPhoneSimulator.Deploy.0 = Release|Any CPU
		{F710714C-379D-42AF-B89B-C999492309A4}.Debug|Any CPU.ActiveCfg = Debug|iPhone
		{F710714C-379D-42AF-B89B-C999492309A4}.Debug|Any CPU.Build.0 = Debug|iPhone
		{F710714C-379D-42AF-B89B-C999492309A4}.Debug|Any CPU.Deploy.0 = Debug|iPhone
		{F710714C-379D-42AF-B89B-C999492309A4}.Debug|iPhone.ActiveCfg = Debug|iPhone
		{F710714C-379D-42AF-B89B-C999492309A4}.Debug|iPhone.Build.0 = Debug|iPhone
		{F710714C-379D-42AF-B89B-C999492309A4}.Debug|iPhone.Deploy.0 = Debug|iPhone
		{F710714C-379D-42AF-B89B-C999492309A4}.Debug|iPhoneSimulator.ActiveCfg = Debug|iPhoneSimulator
		{F710714C-379D-42AF-B89B-C999492309A4}.Debug|iPhoneSimulator.Build.0 = Debug|iPhoneSimulator
		{F710714C-379D-42AF-B89B-C999492309A4}.Debug|iPhoneSimulator.Deploy.0 = Debug|iPhoneSimulator
		{F710714C-379D-42AF-B89B-C999492309A4}.Release|Any CPU.ActiveCfg = Release|iPhoneSimulator
		{F710714C-379D-42AF-B89B-C999492309A4}.Release|Any CPU.Build.0 = Release|iPhoneSimulator
		{F710714C-379D-42AF-B89B-C999492309A4}.Release|Any CPU.Deploy.0 = Release|iPhoneSimulator
		{F710714C-379D-42AF-B89B-C999492309A4}.Release|iPhone.ActiveCfg = Release|iPhone
		{F710714C-379D-42AF-B89B-C999492309A4}.Release|iPhone.Build.0 = Release|iPhone
		{F710714C-379D-42AF-B89B-C999492309A4}.Release|iPhone.Deploy.0 = Release|iPhone
		{F710714C-379D-42AF-B89B-C999492309A4}.Release|iPhoneSimulator.ActiveCfg = Release|iPhoneSimulator
		{F710714C-379D-42AF-B89B-C999492309A4}.Release|iPhoneSimulator.Build.0 = Release|iPhoneSimulator
		{F710714C-379D-42AF-B89B-C999492309A4}.Release|iPhoneSimulator.Deploy.0 = Release|iPhoneSimulator
		{B7EAE05E-3F22-4F69-9061-7A787E0840EF}.Debug|Any CPU.ActiveCfg = Debug|Any CPU
		{B7EAE05E-3F22-4F69-9061-7A787E0840EF}.Debug|Any CPU.Build.0 = Debug|Any CPU
		{B7EAE05E-3F22-4F69-9061-7A787E0840EF}.Debug|Any CPU.Deploy.0 = Debug|Any CPU
		{B7EAE05E-3F22-4F69-9061-7A787E0840EF}.Debug|iPhone.ActiveCfg = Debug|Any CPU
		{B7EAE05E-3F22-4F69-9061-7A787E0840EF}.Debug|iPhone.Build.0 = Debug|Any CPU
		{B7EAE05E-3F22-4F69-9061-7A787E0840EF}.Debug|iPhone.Deploy.0 = Debug|Any CPU
		{B7EAE05E-3F22-4F69-9061-7A787E0840EF}.Debug|iPhoneSimulator.ActiveCfg = Debug|Any CPU
		{B7EAE05E-3F22-4F69-9061-7A787E0840EF}.Debug|iPhoneSimulator.Build.0 = Debug|Any CPU
		{B7EAE05E-3F22-4F69-9061-7A787E0840EF}.Debug|iPhoneSimulator.Deploy.0 = Debug|Any CPU
		{B7EAE05E-3F22-4F69-9061-7A787E0840EF}.Release|Any CPU.ActiveCfg = Release|Any CPU
		{B7EAE05E-3F22-4F69-9061-7A787E0840EF}.Release|Any CPU.Build.0 = Release|Any CPU
		{B7EAE05E-3F22-4F69-9061-7A787E0840EF}.Release|Any CPU.Deploy.0 = Release|Any CPU
		{B7EAE05E-3F22-4F69-9061-7A787E0840EF}.Release|iPhone.ActiveCfg = Release|Any CPU
		{B7EAE05E-3F22-4F69-9061-7A787E0840EF}.Release|iPhone.Build.0 = Release|Any CPU
		{B7EAE05E-3F22-4F69-9061-7A787E0840EF}.Release|iPhone.Deploy.0 = Release|Any CPU
		{B7EAE05E-3F22-4F69-9061-7A787E0840EF}.Release|iPhoneSimulator.ActiveCfg = Release|Any CPU
		{B7EAE05E-3F22-4F69-9061-7A787E0840EF}.Release|iPhoneSimulator.Build.0 = Release|Any CPU
		{B7EAE05E-3F22-4F69-9061-7A787E0840EF}.Release|iPhoneSimulator.Deploy.0 = Release|Any CPU
	EndGlobalSection
	GlobalSection(SolutionProperties) = preSolution
		HideSolutionNode = FALSE
	EndGlobalSection
	GlobalSection(ExtensibilityGlobals) = postSolution
		SolutionGuid = {54B8F53E-C608-492F-AA97-0CAD3E41867C}
	EndGlobalSection
EndGlobal
