
Microsoft Visual Studio Solution File, Format Version 12.00
# Visual Studio Version 17
VisualStudioVersion = 17.5.33414.496
MinimumVisualStudioVersion = 10.0.40219.1
Project("{9A19103F-16F7-4668-BE54-9A1E7A4F7556}") = "Singleton", "PatronesDeDisegno\Singleton.csproj", "{7B1D2C08-BEB1-4C9B-9137-568E156B1B98}"
EndProject
Project("{9A19103F-16F7-4668-BE54-9A1E7A4F7556}") = "InyeccionDependencias", "InyeccionDependencias\InyeccionDependencias.csproj", "{E8D15269-1BA2-44E4-A4B7-13F547051ADE}"
EndProject
Project("{9A19103F-16F7-4668-BE54-9A1E7A4F7556}") = "PrototypeShallowAndDeep", "PrototypeShallow\PrototypeShallowAndDeep.csproj", "{82EFAD9C-CCE4-420F-9BDE-DC16D959B8CE}"
EndProject
Project("{9A19103F-16F7-4668-BE54-9A1E7A4F7556}") = "FactoryMethod", "FactoryMethod\FactoryMethod.csproj", "{B7FE54A5-0DF5-4D3B-98E4-96DA842EBBD4}"
EndProject
Project("{9A19103F-16F7-4668-BE54-9A1E7A4F7556}") = "Strategy", "Strategy\Strategy.csproj", "{EEE2AF33-D061-4348-8653-6C018E5A2564}"
EndProject
Project("{FAE04EC0-301F-11D3-BF4B-00C04F79EFBC}") = "Mediator", "Mediator\Mediator.csproj", "{84B10BC5-68BD-4BF0-B83D-039334252291}"
EndProject
Project("{FAE04EC0-301F-11D3-BF4B-00C04F79EFBC}") = "State", "State\State.csproj", "{94299972-198C-44C5-A844-C4DC58C5986E}"
EndProject
Project("{FAE04EC0-301F-11D3-BF4B-00C04F79EFBC}") = "Composite", "Composite\Composite.csproj", "{BD82B48D-76E8-4DBF-A4A1-969E77B53B41}"
EndProject
Global
	GlobalSection(SolutionConfigurationPlatforms) = preSolution
		Debug|Any CPU = Debug|Any CPU
		Release|Any CPU = Release|Any CPU
	EndGlobalSection
	GlobalSection(ProjectConfigurationPlatforms) = postSolution
		{7B1D2C08-BEB1-4C9B-9137-568E156B1B98}.Debug|Any CPU.ActiveCfg = Debug|Any CPU
		{7B1D2C08-BEB1-4C9B-9137-568E156B1B98}.Debug|Any CPU.Build.0 = Debug|Any CPU
		{7B1D2C08-BEB1-4C9B-9137-568E156B1B98}.Release|Any CPU.ActiveCfg = Release|Any CPU
		{7B1D2C08-BEB1-4C9B-9137-568E156B1B98}.Release|Any CPU.Build.0 = Release|Any CPU
		{E8D15269-1BA2-44E4-A4B7-13F547051ADE}.Debug|Any CPU.ActiveCfg = Debug|Any CPU
		{E8D15269-1BA2-44E4-A4B7-13F547051ADE}.Debug|Any CPU.Build.0 = Debug|Any CPU
		{E8D15269-1BA2-44E4-A4B7-13F547051ADE}.Release|Any CPU.ActiveCfg = Release|Any CPU
		{E8D15269-1BA2-44E4-A4B7-13F547051ADE}.Release|Any CPU.Build.0 = Release|Any CPU
		{82EFAD9C-CCE4-420F-9BDE-DC16D959B8CE}.Debug|Any CPU.ActiveCfg = Debug|Any CPU
		{82EFAD9C-CCE4-420F-9BDE-DC16D959B8CE}.Debug|Any CPU.Build.0 = Debug|Any CPU
		{82EFAD9C-CCE4-420F-9BDE-DC16D959B8CE}.Release|Any CPU.ActiveCfg = Release|Any CPU
		{82EFAD9C-CCE4-420F-9BDE-DC16D959B8CE}.Release|Any CPU.Build.0 = Release|Any CPU
		{B7FE54A5-0DF5-4D3B-98E4-96DA842EBBD4}.Debug|Any CPU.ActiveCfg = Debug|Any CPU
		{B7FE54A5-0DF5-4D3B-98E4-96DA842EBBD4}.Debug|Any CPU.Build.0 = Debug|Any CPU
		{B7FE54A5-0DF5-4D3B-98E4-96DA842EBBD4}.Release|Any CPU.ActiveCfg = Release|Any CPU
		{B7FE54A5-0DF5-4D3B-98E4-96DA842EBBD4}.Release|Any CPU.Build.0 = Release|Any CPU
		{EEE2AF33-D061-4348-8653-6C018E5A2564}.Debug|Any CPU.ActiveCfg = Debug|Any CPU
		{EEE2AF33-D061-4348-8653-6C018E5A2564}.Debug|Any CPU.Build.0 = Debug|Any CPU
		{EEE2AF33-D061-4348-8653-6C018E5A2564}.Release|Any CPU.ActiveCfg = Release|Any CPU
		{EEE2AF33-D061-4348-8653-6C018E5A2564}.Release|Any CPU.Build.0 = Release|Any CPU
		{84B10BC5-68BD-4BF0-B83D-039334252291}.Debug|Any CPU.ActiveCfg = Debug|Any CPU
		{84B10BC5-68BD-4BF0-B83D-039334252291}.Debug|Any CPU.Build.0 = Debug|Any CPU
		{84B10BC5-68BD-4BF0-B83D-039334252291}.Release|Any CPU.ActiveCfg = Release|Any CPU
		{84B10BC5-68BD-4BF0-B83D-039334252291}.Release|Any CPU.Build.0 = Release|Any CPU
		{94299972-198C-44C5-A844-C4DC58C5986E}.Debug|Any CPU.ActiveCfg = Debug|Any CPU
		{94299972-198C-44C5-A844-C4DC58C5986E}.Debug|Any CPU.Build.0 = Debug|Any CPU
		{94299972-198C-44C5-A844-C4DC58C5986E}.Release|Any CPU.ActiveCfg = Release|Any CPU
		{94299972-198C-44C5-A844-C4DC58C5986E}.Release|Any CPU.Build.0 = Release|Any CPU
		{BD82B48D-76E8-4DBF-A4A1-969E77B53B41}.Debug|Any CPU.ActiveCfg = Debug|Any CPU
		{BD82B48D-76E8-4DBF-A4A1-969E77B53B41}.Debug|Any CPU.Build.0 = Debug|Any CPU
		{BD82B48D-76E8-4DBF-A4A1-969E77B53B41}.Release|Any CPU.ActiveCfg = Release|Any CPU
		{BD82B48D-76E8-4DBF-A4A1-969E77B53B41}.Release|Any CPU.Build.0 = Release|Any CPU
	EndGlobalSection
	GlobalSection(SolutionProperties) = preSolution
		HideSolutionNode = FALSE
	EndGlobalSection
	GlobalSection(ExtensibilityGlobals) = postSolution
		SolutionGuid = {45E46888-5399-4FFD-A633-6541186050FD}
	EndGlobalSection
EndGlobal
